{
  "pins" : [
    {
      "identity" : "alamofire",
      "kind" : "remoteSourceControl",
      "location" : "https://github.com/Alamofire/Alamofire.git",
      "state" : {
        "revision" : "8dd85aee02e39dd280c75eef88ffdb86eed4b07b",
        "version" : "5.6.2"
      }
    },
    {
      "identity" : "sjdkittoolbox",
      "kind" : "remoteSourceControl",
      "location" : "https://github.com/Sebastien972-collab/SJDKitToolBox.git",
      "state" : {
        "branch" : "main",
        "revision" : "9edcf8d224aae8e187fb4915424a0cf5cff99bf9"
      }
    }
  ],
  "version" : 2
}
